
Microsoft Visual Studio Solution File, Format Version 12.00
# Visual Studio Version 16
VisualStudioVersion = 16.0.31402.337
MinimumVisualStudioVersion = 10.0.40219.1
Project("{FAE04EC0-301F-11D3-BF4B-00C04F79EFBC}") = "Lesson_2", "Lesson_2.csproj", "{B6AB2BB8-A7F1-4633-86D7-D108D22AA1D2}"
EndProject
Global
	GlobalSection(SolutionConfigurationPlatforms) = preSolution
		Debug|Any CPU = Debug|Any CPU
		Release|Any CPU = Release|Any CPU
	EndGlobalSection
	GlobalSection(ProjectConfigurationPlatforms) = postSolution
		{B6AB2BB8-A7F1-4633-86D7-D108D22AA1D2}.Debug|Any CPU.ActiveCfg = Debug|Any CPU
		{B6AB2BB8-A7F1-4633-86D7-D108D22AA1D2}.Debug|Any CPU.Build.0 = Debug|Any CPU
		{B6AB2BB8-A7F1-4633-86D7-D108D22AA1D2}.Release|Any CPU.ActiveCfg = Release|Any CPU
		{B6AB2BB8-A7F1-4633-86D7-D108D22AA1D2}.Release|Any CPU.Build.0 = Release|Any CPU
	EndGlobalSection
	GlobalSection(SolutionProperties) = preSolution
		HideSolutionNode = FALSE
	EndGlobalSection
	GlobalSection(ExtensibilityGlobals) = postSolution
		SolutionGuid = {58E1685C-4B35-41EC-8AF0-82E4CAA36CB1}
	EndGlobalSection
EndGlobal
